
Microsoft Visual Studio Solution File, Format Version 12.00
# Visual Studio Version 17
VisualStudioVersion = 17.5.33530.505
MinimumVisualStudioVersion = 10.0.40219.1
Project("{8BC9CEB8-8B4A-11D0-8D11-00A0C91BC942}") = "geojson", "geojson.vcxproj", "{6FF06389-CA83-4364-A614-74767AEBF52C}"
EndProject
Global
	GlobalSection(SolutionConfigurationPlatforms) = preSolution
		Debug|x64 = Debug|x64
		Debug|x86 = Debug|x86
		DebugWork|x64 = DebugWork|x64
		DebugWork|x86 = DebugWork|x86
		Release|x64 = Release|x64
		Release|x86 = Release|x86
		TestGeoJSON|x64 = TestGeoJSON|x64
		TestGeoJSON|x86 = TestGeoJSON|x86
		TestKML|x64 = TestKML|x64
		TestKML|x86 = TestKML|x86
	EndGlobalSection
	GlobalSection(ProjectConfigurationPlatforms) = postSolution
		{6FF06389-CA83-4364-A614-74767AEBF52C}.Debug|x64.ActiveCfg = Debug|x64
		{6FF06389-CA83-4364-A614-74767AEBF52C}.Debug|x64.Build.0 = Debug|x64
		{6FF06389-CA83-4364-A614-74767AEBF52C}.Debug|x86.ActiveCfg = Debug|Win32
		{6FF06389-CA83-4364-A614-74767AEBF52C}.Debug|x86.Build.0 = Debug|Win32
		{6FF06389-CA83-4364-A614-74767AEBF52C}.DebugWork|x64.ActiveCfg = DebugWork|x64
		{6FF06389-CA83-4364-A614-74767AEBF52C}.DebugWork|x64.Build.0 = DebugWork|x64
		{6FF06389-CA83-4364-A614-74767AEBF52C}.DebugWork|x86.ActiveCfg = DebugWork|Win32
		{6FF06389-CA83-4364-A614-74767AEBF52C}.DebugWork|x86.Build.0 = DebugWork|Win32
		{6FF06389-CA83-4364-A614-74767AEBF52C}.Release|x64.ActiveCfg = Release|x64
		{6FF06389-CA83-4364-A614-74767AEBF52C}.Release|x64.Build.0 = Release|x64
		{6FF06389-CA83-4364-A614-74767AEBF52C}.Release|x86.ActiveCfg = Release|Win32
		{6FF06389-CA83-4364-A614-74767AEBF52C}.Release|x86.Build.0 = Release|Win32
		{6FF06389-CA83-4364-A614-74767AEBF52C}.TestGeoJSON|x64.ActiveCfg = TestGeoJSON|x64
		{6FF06389-CA83-4364-A614-74767AEBF52C}.TestGeoJSON|x64.Build.0 = TestGeoJSON|x64
		{6FF06389-CA83-4364-A614-74767AEBF52C}.TestGeoJSON|x86.ActiveCfg = TestGeoJSON|Win32
		{6FF06389-CA83-4364-A614-74767AEBF52C}.TestGeoJSON|x86.Build.0 = TestGeoJSON|Win32
		{6FF06389-CA83-4364-A614-74767AEBF52C}.TestKML|x64.ActiveCfg = TestKML|x64
		{6FF06389-CA83-4364-A614-74767AEBF52C}.TestKML|x64.Build.0 = TestKML|x64
		{6FF06389-CA83-4364-A614-74767AEBF52C}.TestKML|x86.ActiveCfg = TestKML|Win32
		{6FF06389-CA83-4364-A614-74767AEBF52C}.TestKML|x86.Build.0 = TestKML|Win32
	EndGlobalSection
	GlobalSection(SolutionProperties) = preSolution
		HideSolutionNode = FALSE
	EndGlobalSection
	GlobalSection(ExtensibilityGlobals) = postSolution
		SolutionGuid = {B4B929FD-7140-44ED-BE97-EFE43C9C8F62}
	EndGlobalSection
EndGlobal
