<?xml version="1.0" encoding="utf-8"?>
<Project ToolsVersion="4.0" xmlns="http://schemas.microsoft.com/developer/msbuild/2003">
  <ItemGroup>
    <Filter Include="Source Files">
      <UniqueIdentifier>{4FC737F1-C7A5-4376-A066-2A32D752A2FF}</UniqueIdentifier>
      <Extensions>cpp;c;cc;cxx;c++;cppm;ixx;def;odl;idl;hpj;bat;asm;asmx</Extensions>
    </Filter>
    <Filter Include="Header Files">
      <UniqueIdentifier>{93995380-89BD-4b04-88EB-625FBE52EBFB}</UniqueIdentifier>
      <Extensions>h;hh;hpp;hxx;h++;hm;inl;inc;ipp;xsd</Extensions>
    </Filter>
    <Filter Include="Resource Files">
      <UniqueIdentifier>{67DA6AB6-F800-4c08-8B7A-83BB121AAD01}</UniqueIdentifier>
      <Extensions>rc;ico;cur;bmp;dlg;rc2;rct;bin;rgs;gif;jpg;jpeg;jpe;resx;tiff;tif;png;wav;mfcribbon-ms</Extensions>
    </Filter>
  </ItemGroup>
  <ItemGroup>
    <ClInclude Include="utils\is_pointer.h">
      <Filter>Header Files</Filter>
    </ClInclude>
    <ClInclude Include="abstract\pHashable.h">
      <Filter>Header Files</Filter>
    </ClInclude>
    <ClInclude Include="container\pMap.h">
      <Filter>Header Files</Filter>
    </ClInclude>
    <ClInclude Include="container\pPair.h">
      <Filter>Header Files</Filter>
    </ClInclude>
    <ClInclude Include="container\pArray.h">
      <Filter>Header Files</Filter>
    </ClInclude>
    <ClInclude Include="container\pString.h">
      <Filter>Header Files</Filter>
    </ClInclude>
    <ClInclude Include="parser\regex\pRegex.h">
      <Filter>Header Files</Filter>
    </ClInclude>
    <ClInclude Include="abstract\pException.h">
      <Filter>Header Files</Filter>
    </ClInclude>
    <ClInclude Include="abstract\pHasId.h">
      <Filter>Header Files</Filter>
    </ClInclude>
    <ClInclude Include="parser\regex\NFA\pAutomaton.h">
      <Filter>Header Files</Filter>
    </ClInclude>
    <ClInclude Include="parser\regex\NFA\pState.h">
      <Filter>Header Files</Filter>
    </ClInclude>
    <ClInclude Include="utils\exception\pOutOfRangeException.h">
      <Filter>Header Files</Filter>
    </ClInclude>
    <ClInclude Include="abstract\pASTVisitor.h">
      <Filter>Header Files</Filter>
    </ClInclude>
    <ClInclude Include="parser\regex\NFA\exception\pNFAUndefinedException.h">
      <Filter>Header Files</Filter>
    </ClInclude>
    <ClInclude Include="parser\regex\AST\pRegexVisitor.h">
      <Filter>Header Files</Filter>
    </ClInclude>
    <ClInclude Include="parser\regex\AST\pRegexNode.h">
      <Filter>Header Files</Filter>
    </ClInclude>
    <ClInclude Include="parser\regex\AST\node\pLiteralNode.h">
      <Filter>Header Files</Filter>
    </ClInclude>
    <ClInclude Include="parser\regex\AST\node\pPlusNode.h">
      <Filter>Header Files</Filter>
    </ClInclude>
    <ClInclude Include="parser\regex\AST\node\abstract\pLiteralListNode.h">
      <Filter>Header Files</Filter>
    </ClInclude>
    <ClInclude Include="parser\regex\AST\node\pStartNode.h">
      <Filter>Header Files</Filter>
    </ClInclude>
    <ClInclude Include="parser\regex\AST\node\pEndNode.h">
      <Filter>Header Files</Filter>
    </ClInclude>
    <ClInclude Include="parser\regex\AST\node\pDigitNode.h">
      <Filter>Header Files</Filter>
    </ClInclude>
    <ClInclude Include="parser\regex\AST\node\pWhiteSpaceNode.h">
      <Filter>Header Files</Filter>
    </ClInclude>
    <ClInclude Include="parser\regex\AST\node\pAlternationNode.h">
      <Filter>Header Files</Filter>
    </ClInclude>
    <ClInclude Include="parser\regex\AST\node\pWildcardNode.h">
      <Filter>Header Files</Filter>
    </ClInclude>
    <ClInclude Include="parser\regex\AST\node\pQuantifierNode.h">
      <Filter>Header Files</Filter>
    </ClInclude>
    <ClInclude Include="parser\regex\AST\node\pQualifierNode.h">
      <Filter>Header Files</Filter>
    </ClInclude>
    <ClInclude Include="parser\regex\AST\node\pConcatNode.h">
      <Filter>Header Files</Filter>
    </ClInclude>
    <ClInclude Include="parser\regex\AST\pRegexContext.h">
      <Filter>Header Files</Filter>
    </ClInclude>
    <ClInclude Include="parser\regex\pBadPatternException.h">
      <Filter>Header Files</Filter>
    </ClInclude>
    <ClInclude Include="parser\buffer\pFileHandler.h">
      <Filter>Header Files</Filter>
    </ClInclude>
    <ClInclude Include="utils\match.h">
      <Filter>Header Files</Filter>
    </ClInclude>
    <ClInclude Include="parser\regex\parser\pRegexParser.h">
      <Filter>Header Files</Filter>
    </ClInclude>
    <ClInclude Include="parser\regex\parser\pRegexLexer.h">
      <Filter>Header Files</Filter>
    </ClInclude>
    <ClInclude Include="parser\regex\parser\pRegexParserException.h">
      <Filter>Header Files</Filter>
    </ClInclude>
    <ClInclude Include="parser\LL1\lexer\pLexer.h">
      <Filter>Header Files</Filter>
    </ClInclude>
    <ClInclude Include="parser\LL1\lexer\pTokenPrototype.h">
      <Filter>Header Files</Filter>
    </ClInclude>
    <ClInclude Include="parser\LL1\lexer\pTokenInstance.h">
      <Filter>Header Files</Filter>
    </ClInclude>
    <ClInclude Include="parser\LL1\lexer\pPrototypeKind.h">
      <Filter>Header Files</Filter>
    </ClInclude>
    <ClInclude Include="..\..\common\stream\cFileStream.h">
      <Filter>Header Files</Filter>
    </ClInclude>
    <ClInclude Include="..\..\common\cCommon.h">
      <Filter>Header Files</Filter>
    </ClInclude>
    <ClInclude Include="..\..\common\stream\cStream.h">
      <Filter>Header Files</Filter>
    </ClInclude>
    <ClInclude Include="parser\GeoJSON\gjLexer.h">
      <Filter>Header Files</Filter>
    </ClInclude>
    <ClInclude Include="parser\GeoJSON\gjTokenEnum.h">
      <Filter>Header Files</Filter>
    </ClInclude>
    <ClInclude Include="parser\LL1\parser\pRule.h">
      <Filter>Header Files</Filter>
    </ClInclude>
    <ClInclude Include="parser\LL1\parser\pSequence.h">
      <Filter>Header Files</Filter>
    </ClInclude>
    <ClInclude Include="parser\LL1\parser\pParser.h">
      <Filter>Header Files</Filter>
    </ClInclude>
    <ClInclude Include="utils\string.h">
      <Filter>Header Files</Filter>
    </ClInclude>
    <ClInclude Include="parser\LL1\parser\pErrorReporter.h">
      <Filter>Header Files</Filter>
    </ClInclude>
  </ItemGroup>
  <ItemGroup>
    <ClCompile Include="Source.cpp">
      <Filter>Source Files</Filter>
    </ClCompile>
    <ClCompile Include="parser\regex\NFA\pState.cpp">
      <Filter>Source Files</Filter>
    </ClCompile>
    <ClCompile Include="parser\regex\AST\pRegexNode.cpp">
      <Filter>Source Files</Filter>
    </ClCompile>
    <ClCompile Include="..\..\common\cCommon.cpp">
      <Filter>Source Files</Filter>
    </ClCompile>
    <ClCompile Include="..\..\common\stream\cFileStream.cpp">
      <Filter>Source Files</Filter>
    </ClCompile>
  </ItemGroup>
  <ItemGroup>
    <None Include="test\type_sample.json">
      <Filter>Resource Files</Filter>
    </None>
    <None Include="test\sample_json2.json">
      <Filter>Resource Files</Filter>
    </None>
    <None Include="test\sample_json3.json">
      <Filter>Resource Files</Filter>
    </None>
    <None Include="test\utf8_test.json" />
    <None Include=".gitignore" />
    <None Include="test\sample_json.json">
      <Filter>Resource Files</Filter>
    </None>
    <None Include="test\sample_geo_feature.json">
      <Filter>Resource Files</Filter>
    </None>
    <None Include="test\sample_geo.json" />
    <None Include="parser\LL1\grammar\regex.grammar" />
  </ItemGroup>
  <ItemGroup>
    <Text Include="parser\LL1\grammar\geojson.grammar" />
  </ItemGroup>
</Project>