
Microsoft Visual Studio Solution File, Format Version 12.00
# Visual Studio Version 17
VisualStudioVersion = 17.5.33530.505
MinimumVisualStudioVersion = 10.0.40219.1
Project("{8BC9CEB8-8B4A-11D0-8D11-00A0C91BC942}") = "geojson", "geojson.vcxproj", "{6FF06389-CA83-4364-A614-74767AEBF52C}"
EndProject
Global
	GlobalSection(SolutionConfigurationPlatforms) = preSolution
		Debug|x64 = Debug|x64
		Debug|x86 = Debug|x86
		DebugWork|x64 = DebugWork|x64
		DebugWork|x86 = DebugWork|x86
		GeoJSON|x64 = GeoJSON|x64
		GeoJSON|x86 = GeoJSON|x86
		KML|x64 = KML|x64
		KML|x86 = KML|x86
		OSM|x64 = OSM|x64
		OSM|x86 = OSM|x86
		Release_GeoJSON|x64 = Release_GeoJSON|x64
		Release_GeoJSON|x86 = Release_GeoJSON|x86
		Release_KML|x64 = Release_KML|x64
		Release_KML|x86 = Release_KML|x86
		Release_OSM|x64 = Release_OSM|x64
		Release_OSM|x86 = Release_OSM|x86
		Release_Shapefile|x64 = Release_Shapefile|x64
		Release_Shapefile|x86 = Release_Shapefile|x86
		Release|x64 = Release|x64
		Release|x86 = Release|x86
		Shapefile|x64 = Shapefile|x64
		Shapefile|x86 = Shapefile|x86
	EndGlobalSection
	GlobalSection(ProjectConfigurationPlatforms) = postSolution
		{6FF06389-CA83-4364-A614-74767AEBF52C}.Debug|x64.ActiveCfg = Debug|x64
		{6FF06389-CA83-4364-A614-74767AEBF52C}.Debug|x64.Build.0 = Debug|x64
		{6FF06389-CA83-4364-A614-74767AEBF52C}.Debug|x86.ActiveCfg = Debug|Win32
		{6FF06389-CA83-4364-A614-74767AEBF52C}.Debug|x86.Build.0 = Debug|Win32
		{6FF06389-CA83-4364-A614-74767AEBF52C}.DebugWork|x64.ActiveCfg = DebugWork|x64
		{6FF06389-CA83-4364-A614-74767AEBF52C}.DebugWork|x64.Build.0 = DebugWork|x64
		{6FF06389-CA83-4364-A614-74767AEBF52C}.DebugWork|x86.ActiveCfg = DebugWork|Win32
		{6FF06389-CA83-4364-A614-74767AEBF52C}.DebugWork|x86.Build.0 = DebugWork|Win32
		{6FF06389-CA83-4364-A614-74767AEBF52C}.GeoJSON|x64.ActiveCfg = GeoJSON|x64
		{6FF06389-CA83-4364-A614-74767AEBF52C}.GeoJSON|x64.Build.0 = GeoJSON|x64
		{6FF06389-CA83-4364-A614-74767AEBF52C}.GeoJSON|x86.ActiveCfg = GeoJSON|Win32
		{6FF06389-CA83-4364-A614-74767AEBF52C}.GeoJSON|x86.Build.0 = GeoJSON|Win32
		{6FF06389-CA83-4364-A614-74767AEBF52C}.KML|x64.ActiveCfg = KML|x64
		{6FF06389-CA83-4364-A614-74767AEBF52C}.KML|x64.Build.0 = KML|x64
		{6FF06389-CA83-4364-A614-74767AEBF52C}.KML|x86.ActiveCfg = KML|Win32
		{6FF06389-CA83-4364-A614-74767AEBF52C}.KML|x86.Build.0 = KML|Win32
		{6FF06389-CA83-4364-A614-74767AEBF52C}.OSM|x64.ActiveCfg = OSM|x64
		{6FF06389-CA83-4364-A614-74767AEBF52C}.OSM|x64.Build.0 = OSM|x64
		{6FF06389-CA83-4364-A614-74767AEBF52C}.OSM|x86.ActiveCfg = OSM|Win32
		{6FF06389-CA83-4364-A614-74767AEBF52C}.OSM|x86.Build.0 = OSM|Win32
		{6FF06389-CA83-4364-A614-74767AEBF52C}.Release_GeoJSON|x64.ActiveCfg = Release_GeoJSON|x64
		{6FF06389-CA83-4364-A614-74767AEBF52C}.Release_GeoJSON|x64.Build.0 = Release_GeoJSON|x64
		{6FF06389-CA83-4364-A614-74767AEBF52C}.Release_GeoJSON|x86.ActiveCfg = Release_GeoJSON|Win32
		{6FF06389-CA83-4364-A614-74767AEBF52C}.Release_GeoJSON|x86.Build.0 = Release_GeoJSON|Win32
		{6FF06389-CA83-4364-A614-74767AEBF52C}.Release_KML|x64.ActiveCfg = Release_KML|x64
		{6FF06389-CA83-4364-A614-74767AEBF52C}.Release_KML|x64.Build.0 = Release_KML|x64
		{6FF06389-CA83-4364-A614-74767AEBF52C}.Release_KML|x86.ActiveCfg = Release_KML|Win32
		{6FF06389-CA83-4364-A614-74767AEBF52C}.Release_KML|x86.Build.0 = Release_KML|Win32
		{6FF06389-CA83-4364-A614-74767AEBF52C}.Release_OSM|x64.ActiveCfg = Release_OSM|x64
		{6FF06389-CA83-4364-A614-74767AEBF52C}.Release_OSM|x64.Build.0 = Release_OSM|x64
		{6FF06389-CA83-4364-A614-74767AEBF52C}.Release_OSM|x86.ActiveCfg = Release_OSM|Win32
		{6FF06389-CA83-4364-A614-74767AEBF52C}.Release_OSM|x86.Build.0 = Release_OSM|Win32
		{6FF06389-CA83-4364-A614-74767AEBF52C}.Release_Shapefile|x64.ActiveCfg = Release_Shapefile|x64
		{6FF06389-CA83-4364-A614-74767AEBF52C}.Release_Shapefile|x64.Build.0 = Release_Shapefile|x64
		{6FF06389-CA83-4364-A614-74767AEBF52C}.Release_Shapefile|x86.ActiveCfg = Release_Shapefile|Win32
		{6FF06389-CA83-4364-A614-74767AEBF52C}.Release_Shapefile|x86.Build.0 = Release_Shapefile|Win32
		{6FF06389-CA83-4364-A614-74767AEBF52C}.Release|x64.ActiveCfg = Release|x64
		{6FF06389-CA83-4364-A614-74767AEBF52C}.Release|x64.Build.0 = Release|x64
		{6FF06389-CA83-4364-A614-74767AEBF52C}.Release|x86.ActiveCfg = Release|Win32
		{6FF06389-CA83-4364-A614-74767AEBF52C}.Release|x86.Build.0 = Release|Win32
		{6FF06389-CA83-4364-A614-74767AEBF52C}.Shapefile|x64.ActiveCfg = Shapefile|x64
		{6FF06389-CA83-4364-A614-74767AEBF52C}.Shapefile|x64.Build.0 = Shapefile|x64
		{6FF06389-CA83-4364-A614-74767AEBF52C}.Shapefile|x86.ActiveCfg = Shapefile|Win32
		{6FF06389-CA83-4364-A614-74767AEBF52C}.Shapefile|x86.Build.0 = Shapefile|Win32
	EndGlobalSection
	GlobalSection(SolutionProperties) = preSolution
		HideSolutionNode = FALSE
	EndGlobalSection
	GlobalSection(ExtensibilityGlobals) = postSolution
		SolutionGuid = {B4B929FD-7140-44ED-BE97-EFE43C9C8F62}
	EndGlobalSection
EndGlobal
